// !$*UTF8*$!
{
	archiveVersion = 1;
	classes = {
	};
	objectVersion = 46;
	objects = {

/* Begin PBXBuildFile section */
		05758AAE14870225007741C8 /* UIKit.framework in Frameworks */ = {isa = PBXBuildFile; fileRef = 05758AAD14870225007741C8 /* UIKit.framework */; };
		05758AB014870225007741C8 /* Foundation.framework in Frameworks */ = {isa = PBXBuildFile; fileRef = 05758AAF14870225007741C8 /* Foundation.framework */; };
		05758AB214870225007741C8 /* CoreGraphics.framework in Frameworks */ = {isa = PBXBuildFile; fileRef = 05758AB114870225007741C8 /* CoreGraphics.framework */; };
		05758AB814870225007741C8 /* InfoPlist.strings in Resources */ = {isa = PBXBuildFile; fileRef = 05758AB614870225007741C8 /* InfoPlist.strings */; };
		05758ABA14870225007741C8 /* main.m in Sources */ = {isa = PBXBuildFile; fileRef = 05758AB914870225007741C8 /* main.m */; };
		05758ABE14870225007741C8 /* AppDelegate.m in Sources */ = {isa = PBXBuildFile; fileRef = 05758ABD14870225007741C8 /* AppDelegate.m */; };
		05758AC114870225007741C8 /* MainStoryboard.storyboard in Resources */ = {isa = PBXBuildFile; fileRef = 05758ABF14870225007741C8 /* MainStoryboard.storyboard */; };
		05758AC414870225007741C8 /* MainViewController.m in Sources */ = {isa = PBXBuildFile; fileRef = 05758AC314870225007741C8 /* MainViewController.m */; };
		05758AC714870225007741C8 /* FlipsideViewController.m in Sources */ = {isa = PBXBuildFile; fileRef = 05758AC614870225007741C8 /* FlipsideViewController.m */; };
/* End PBXBuildFile section */

/* Begin PBXFileReference section */
		05758AA914870225007741C8 /* Timeline.app */ = {isa = PBXFileReference; explicitFileType = wrapper.application; includeInIndex = 0; path = Timeline.app; sourceTree = BUILT_PRODUCTS_DIR; };
		05758AAD14870225007741C8 /* UIKit.framework */ = {isa = PBXFileReference; lastKnownFileType = wrapper.framework; name = UIKit.framework; path = System/Library/Frameworks/UIKit.framework; sourceTree = SDKROOT; };
		05758AAF14870225007741C8 /* Foundation.framework */ = {isa = PBXFileReference; lastKnownFileType = wrapper.framework; name = Foundation.framework; path = System/Library/Frameworks/Foundation.framework; sourceTree = SDKROOT; };
		05758AB114870225007741C8 /* CoreGraphics.framework */ = {isa = PBXFileReference; lastKnownFileType = wrapper.framework; name = CoreGraphics.framework; path = System/Library/Frameworks/CoreGraphics.framework; sourceTree = SDKROOT; };
		05758AB514870225007741C8 /* Timeline-Info.plist */ = {isa = PBXFileReference; path = "Timeline-Info.plist"; sourceTree = "<group>"; };
		05758AB714870225007741C8 /* en */ = {isa = PBXFileReference; lastKnownFileType = text.plist.strings; name = en; path = en.lproj/InfoPlist.strings; sourceTree = "<group>"; };
		05758AB914870225007741C8 /* main.m */ = {isa = PBXFileReference; lastKnownFileType = sourcecode.c.objc; path = main.m; sourceTree = "<group>"; };
		05758ABB14870225007741C8 /* Timeline-Prefix.pch */ = {isa = PBXFileReference; path = "Timeline-Prefix.pch"; sourceTree = "<group>"; };
		05758ABC14870225007741C8 /* AppDelegate.h */ = {isa = PBXFileReference; path = AppDelegate.h; sourceTree = "<group>"; };
		05758ABD14870225007741C8 /* AppDelegate.m */ = {isa = PBXFileReference; lastKnownFileType = sourcecode.c.objc; path = AppDelegate.m; sourceTree = "<group>"; };
		05758AC014870225007741C8 /* en */ = {isa = PBXFileReference; lastKnownFileType = file.storyboard; name = en; path = en.lproj/MainStoryboard.storyboard; sourceTree = "<group>"; };
		05758AC214870225007741C8 /* MainViewController.h */ = {isa = PBXFileReference; path = MainViewController.h; sourceTree = "<group>"; };
		05758AC314870225007741C8 /* MainViewController.m */ = {isa = PBXFileReference; lastKnownFileType = sourcecode.c.objc; path = MainViewController.m; sourceTree = "<group>"; };
		05758AC514870225007741C8 /* FlipsideViewController.h */ = {isa = PBXFileReference; path = FlipsideViewController.h; sourceTree = "<group>"; };
		05758AC614870225007741C8 /* FlipsideViewController.m */ = {isa = PBXFileReference; lastKnownFileType = sourcecode.c.objc; path = FlipsideViewController.m; sourceTree = "<group>"; };
/* End PBXFileReference section */

/* Begin PBXFrameworksBuildPhase section */
		05758AA614870225007741C8 /* Frameworks */ = {
			isa = PBXFrameworksBuildPhase;
			buildActionMask = 2147483647;
			files = (
				05758AAE14870225007741C8 /* UIKit.framework in Frameworks */,
				05758AB014870225007741C8 /* Foundation.framework in Frameworks */,
				05758AB214870225007741C8 /* CoreGraphics.framework in Frameworks */,
			);
			runOnlyForDeploymentPostprocessing = 0;
		};
/* End PBXFrameworksBuildPhase section */

/* Begin PBXGroup section */
		05758A9E14870225007741C8 = {
			isa = PBXGroup;
			children = (
				05758AB314870225007741C8 /* Timeline */,
				05758AAC14870225007741C8 /* Frameworks */,
				05758AAA14870225007741C8 /* Products */,
			);
			sourceTree = "<group>";
		};
		05758AAA14870225007741C8 /* Products */ = {
			isa = PBXGroup;
			children = (
				05758AA914870225007741C8 /* Timeline.app */,
			);
			name = Products;
			sourceTree = "<group>";
		};
		05758AAC14870225007741C8 /* Frameworks */ = {
			isa = PBXGroup;
			children = (
				05758AAD14870225007741C8 /* UIKit.framework */,
				05758AAF14870225007741C8 /* Foundation.framework */,
				05758AB114870225007741C8 /* CoreGraphics.framework */,
			);
			name = Frameworks;
			sourceTree = "<group>";
		};
		05758AB314870225007741C8 /* Timeline */ = {
			isa = PBXGroup;
			children = (
				05758ABC14870225007741C8 /* AppDelegate.h */,
				05758ABD14870225007741C8 /* AppDelegate.m */,
				05758ABF14870225007741C8 /* MainStoryboard.storyboard */,
				05758AC214870225007741C8 /* MainViewController.h */,
				05758AC314870225007741C8 /* MainViewController.m */,
				05758AC514870225007741C8 /* FlipsideViewController.h */,
				05758AC614870225007741C8 /* FlipsideViewController.m */,
				05758AB414870225007741C8 /* Supporting Files */,
			);
			path = Timeline;
			sourceTree = "<group>";
		};
		05758AB414870225007741C8 /* Supporting Files */ = {
			isa = PBXGroup;
			children = (
				05758AB514870225007741C8 /* Timeline-Info.plist */,
				05758AB614870225007741C8 /* InfoPlist.strings */,
				05758AB914870225007741C8 /* main.m */,
				05758ABB14870225007741C8 /* Timeline-Prefix.pch */,
			);
			name = "Supporting Files";
			sourceTree = "<group>";
		};
/* End PBXGroup section */

/* Begin PBXNativeTarget section */
		05758AA814870225007741C8 /* Timeline */ = {
			isa = PBXNativeTarget;
			buildConfigurationList = 05758ACA14870225007741C8 /* Build configuration list for PBXNativeTarget "Timeline" */;
			buildPhases = (
				05758AA514870225007741C8 /* Sources */,
				05758AA614870225007741C8 /* Frameworks */,
				05758AA714870225007741C8 /* Resources */,
			);
			buildRules = (
			);
			dependencies = (
			);
			name = Timeline;
			productName = Timeline;
			productReference = 05758AA914870225007741C8 /* Timeline.app */;
			productType = "com.apple.product-type.application";
		};
/* End PBXNativeTarget section */

/* Begin PBXProject section */
		05758AA014870225007741C8 /* Project object */ = {
			isa = PBXProject;
			attributes = {
				LastUpgradeCheck = 0420;
				ORGANIZATIONNAME = "High Order Bit";
			};
			buildConfigurationList = 05758AA314870225007741C8 /* Build configuration list for PBXProject "Timeline" */;
			compatibilityVersion = "Xcode 3.2";
			developmentRegion = English;
			hasScannedForEncodings = 0;
			knownRegions = (
				en,
			);
			mainGroup = 05758A9E14870225007741C8;
			productRefGroup = 05758AAA14870225007741C8 /* Products */;
			projectDirPath = "";
			projectRoot = "";
			targets = (
				05758AA814870225007741C8 /* Timeline */,
			);
		};
/* End PBXProject section */

/* Begin PBXResourcesBuildPhase section */
		05758AA714870225007741C8 /* Resources */ = {
			isa = PBXResourcesBuildPhase;
			buildActionMask = 2147483647;
			files = (
				05758AB814870225007741C8 /* InfoPlist.strings in Resources */,
				05758AC114870225007741C8 /* MainStoryboard.storyboard in Resources */,
			);
			runOnlyForDeploymentPostprocessing = 0;
		};
/* End PBXResourcesBuildPhase section */

/* Begin PBXSourcesBuildPhase section */
		05758AA514870225007741C8 /* Sources */ = {
			isa = PBXSourcesBuildPhase;
			buildActionMask = 2147483647;
			files = (
				05758ABA14870225007741C8 /* main.m in Sources */,
				05758ABE14870225007741C8 /* AppDelegate.m in Sources */,
				05758AC414870225007741C8 /* MainViewController.m in Sources */,
				05758AC714870225007741C8 /* FlipsideViewController.m in Sources */,
			);
			runOnlyForDeploymentPostprocessing = 0;
		};
/* End PBXSourcesBuildPhase section */

/* Begin PBXVariantGroup section */
		05758AB614870225007741C8 /* InfoPlist.strings */ = {
			isa = PBXVariantGroup;
			children = (
				05758AB714870225007741C8 /* en */,
			);
			name = InfoPlist.strings;
			sourceTree = "<group>";
		};
		05758ABF14870225007741C8 /* MainStoryboard.storyboard */ = {
			isa = PBXVariantGroup;
			children = (
				05758AC014870225007741C8 /* en */,
			);
			name = MainStoryboard.storyboard;
			sourceTree = "<group>";
		};
/* End PBXVariantGroup section */

/* Begin XCBuildConfiguration section */
		05758AC814870225007741C8 /* Debug */ = {
			isa = XCBuildConfiguration;
			buildSettings = {
				ALWAYS_SEARCH_USER_PATHS = NO;
				ARCHS = "$(ARCHS_STANDARD_32_BIT)";
				CLANG_ENABLE_OBJC_ARC = YES;
				"CODE_SIGN_IDENTITY[sdk=iphoneos*]" = "iPhone Developer";
				COPY_PHASE_STRIP = NO;
				GCC_C_LANGUAGE_STANDARD = gnu99;
				GCC_DYNAMIC_NO_PIC = NO;
				GCC_OPTIMIZATION_LEVEL = 0;
				GCC_PREPROCESSOR_DEFINITIONS = (
					"DEBUG=1",
					"$(inherited)",
				);
				GCC_SYMBOLS_PRIVATE_EXTERN = NO;
				GCC_VERSION = com.apple.compilers.llvm.clang.1_0;
				GCC_WARN_ABOUT_MISSING_PROTOTYPES = YES;
				GCC_WARN_ABOUT_RETURN_TYPE = YES;
				GCC_WARN_UNUSED_VARIABLE = YES;
				IPHONEOS_DEPLOYMENT_TARGET = 5.0;
				SDKROOT = iphoneos;
			};
			name = Debug;
		};
		05758AC914870225007741C8 /* Release */ = {
			isa = XCBuildConfiguration;
			buildSettings = {
				ALWAYS_SEARCH_USER_PATHS = NO;
				ARCHS = "$(ARCHS_STANDARD_32_BIT)";
				CLANG_ENABLE_OBJC_ARC = YES;
				"CODE_SIGN_IDENTITY[sdk=iphoneos*]" = "iPhone Developer";
				COPY_PHASE_STRIP = YES;
				GCC_C_LANGUAGE_STANDARD = gnu99;
				GCC_VERSION = com.apple.compilers.llvm.clang.1_0;
				GCC_WARN_ABOUT_MISSING_PROTOTYPES = YES;
				GCC_WARN_ABOUT_RETURN_TYPE = YES;
				GCC_WARN_UNUSED_VARIABLE = YES;
				IPHONEOS_DEPLOYMENT_TARGET = 5.0;
				OTHER_CFLAGS = "-DNS_BLOCK_ASSERTIONS=1";
				SDKROOT = iphoneos;
				VALIDATE_PRODUCT = YES;
			};
			name = Release;
		};
		05758ACB14870225007741C8 /* Debug */ = {
			isa = XCBuildConfiguration;
			buildSettings = {
				GCC_PRECOMPILE_PREFIX_HEADER = YES;
				GCC_PREFIX_HEADER = "Timeline/Timeline-Prefix.pch";
				INFOPLIST_FILE = "Timeline/Timeline-Info.plist";
				PRODUCT_NAME = "$(TARGET_NAME)";
				WRAPPER_EXTENSION = app;
			};
			name = Debug;
		};
		05758ACC14870225007741C8 /* Release */ = {
			isa = XCBuildConfiguration;
			buildSettings = {
				GCC_PRECOMPILE_PREFIX_HEADER = YES;
				GCC_PREFIX_HEADER = "Timeline/Timeline-Prefix.pch";
				INFOPLIST_FILE = "Timeline/Timeline-Info.plist";
				PRODUCT_NAME = "$(TARGET_NAME)";
				WRAPPER_EXTENSION = app;
			};
			name = Release;
		};
/* End XCBuildConfiguration section */

/* Begin XCConfigurationList section */
		05758AA314870225007741C8 /* Build configuration list for PBXProject "Timeline" */ = {
			isa = XCConfigurationList;
			buildConfigurations = (
				05758AC814870225007741C8 /* Debug */,
				05758AC914870225007741C8 /* Release */,
			);
			defaultConfigurationIsVisible = 0;
			defaultConfigurationName = Release;
		};
		05758ACA14870225007741C8 /* Build configuration list for PBXNativeTarget "Timeline" */ = {
			isa = XCConfigurationList;
			buildConfigurations = (
				05758ACB14870225007741C8 /* Debug */,
				05758ACC14870225007741C8 /* Release */,
			);
			defaultConfigurationIsVisible = 0;
		};
/* End XCConfigurationList section */
	};
	rootObject = 05758AA014870225007741C8 /* Project object */;
}
